
Microsoft Visual Studio Solution File, Format Version 12.00
# Visual Studio Version 17
VisualStudioVersion = 17.11.35303.130
MinimumVisualStudioVersion = 10.0.40219.1
Project("{2150E333-8FDC-42A3-9474-1A3956D46DE8}") = "Task0", "Task0", "{88D53228-902B-47F3-B5FE-6694CDB164CE}"
EndProject
Project("{2150E333-8FDC-42A3-9474-1A3956D46DE8}") = "Task1", "Task1", "{4AE9E23B-724D-4CF4-B166-C84421D0E976}"
EndProject
Project("{2150E333-8FDC-42A3-9474-1A3956D46DE8}") = "Task2", "Task2", "{16944251-5121-4156-814E-E4DB5048B468}"
EndProject
Project("{2150E333-8FDC-42A3-9474-1A3956D46DE8}") = "Task3", "Task3", "{DC6270A6-5018-44E5-B912-7E5D94849CE8}"
EndProject
Project("{2150E333-8FDC-42A3-9474-1A3956D46DE8}") = "Task4", "Task4", "{120DA2FD-67AF-492A-96A6-CAC8F1363920}"
EndProject
Project("{2150E333-8FDC-42A3-9474-1A3956D46DE8}") = "Task5", "Task5", "{6B328FCA-61FA-4C9B-A025-36DEEFF3CF2F}"
EndProject
Project("{2150E333-8FDC-42A3-9474-1A3956D46DE8}") = "Task6", "Task6", "{5FED25A2-40E1-4053-B142-BC618D977BA4}"
EndProject
Project("{2150E333-8FDC-42A3-9474-1A3956D46DE8}") = "Task7", "Task7", "{869CE39A-1916-47D8-8439-5C0807579900}"
EndProject
Project("{9A19103F-16F7-4668-BE54-9A1E7A4F7556}") = "Tyuiu.KonovalovVA.Sprint3.Task0.V22", "Tyuiu.KonovalovVA.Sprint3.Task0.V22\Tyuiu.KonovalovVA.Sprint3.Task0.V22.csproj", "{B6C6771C-417C-45D0-83CD-5510BB721318}"
EndProject
Project("{9A19103F-16F7-4668-BE54-9A1E7A4F7556}") = "Tyuiu.KonovalovVA.Sprint3.Task0.V22.Lib", "Tyuiu.KonovalovVA.Sprint3.Task0.V22.Lib\Tyuiu.KonovalovVA.Sprint3.Task0.V22.Lib.csproj", "{11585CE1-9B95-44BA-B120-A88EA85846E1}"
EndProject
Project("{9A19103F-16F7-4668-BE54-9A1E7A4F7556}") = "Tyuiu.KonovalovVA.Sprint3.Task0.V22.Test", "Tyuiu.KonovalovVA.Sprint3.Task0.V22.Test\Tyuiu.KonovalovVA.Sprint3.Task0.V22.Test.csproj", "{7F21D9FB-A548-4F75-8156-CF8C20BDE915}"
EndProject
Project("{9A19103F-16F7-4668-BE54-9A1E7A4F7556}") = "Tyuiu.KonovalovVA.Sprint3.Task1.V28", "Tyuiu.KonovalovVA.Sprint3.Task1.V28\Tyuiu.KonovalovVA.Sprint3.Task1.V28.csproj", "{A4C0BB21-D1F0-4BAD-A85E-A1DCB4A2F124}"
EndProject
Project("{9A19103F-16F7-4668-BE54-9A1E7A4F7556}") = "Tyuiu.KonovalovVA.Sprint3.Task1.V28.Lib", "Tyuiu.KonovalovVA.Sprint3.Task1.V28.Lib\Tyuiu.KonovalovVA.Sprint3.Task1.V28.Lib.csproj", "{9ED272FA-B3F1-42B3-877A-0C00CA801C05}"
EndProject
Project("{9A19103F-16F7-4668-BE54-9A1E7A4F7556}") = "Tyuiu.KonovalovVA.Sprint3.Task1.V28.Test", "Tyuiu.KonovalovVA.Sprint3.Task1.V28.Test\Tyuiu.KonovalovVA.Sprint3.Task1.V28.Test.csproj", "{CAC40B99-008D-4EA1-B98C-704A0AEBC471}"
EndProject
Project("{9A19103F-16F7-4668-BE54-9A1E7A4F7556}") = "Tyuiu.KonovalovVA.Sprint3.Task2.V22", "Tyuiu.KonovalovVA.Sprint3.Task2.V22\Tyuiu.KonovalovVA.Sprint3.Task2.V22.csproj", "{A2A9BCD6-FA68-42CD-8D19-0FF72DECB9A6}"
EndProject
Project("{9A19103F-16F7-4668-BE54-9A1E7A4F7556}") = "Tyuiu.KonovalovVA.Sprint3.Task2.V22.Lib", "Tyuiu.KonovalovVA.Sprint3.Task2.V22.Lib\Tyuiu.KonovalovVA.Sprint3.Task2.V22.Lib.csproj", "{9241689B-ECAA-4822-91D4-AA82A3EF509B}"
EndProject
Project("{9A19103F-16F7-4668-BE54-9A1E7A4F7556}") = "Tyuiu.KonovalovVA.Sprint3.Task2.V22.Test", "Tyuiu.KonovalovVA.Sprint3.Task2.V22.Test\Tyuiu.KonovalovVA.Sprint3.Task2.V22.Test.csproj", "{0EF43472-2B46-4AD5-B837-AD8DB71A8A6A}"
EndProject
Project("{9A19103F-16F7-4668-BE54-9A1E7A4F7556}") = "Tyuiu.KonovalovVA.Sprint3.Task3.V21", "Tyuiu.KonovalovVA.Sprint3.Task3.V21\Tyuiu.KonovalovVA.Sprint3.Task3.V21.csproj", "{1FAE6229-FFEA-403D-BB1F-98824A316BFD}"
EndProject
Project("{9A19103F-16F7-4668-BE54-9A1E7A4F7556}") = "Tyuiu.KonovalovVA.Sprint3.Task3.V21.Lib", "Tyuiu.KonovalovVA.Sprint3.Task3.V21.Lib\Tyuiu.KonovalovVA.Sprint3.Task3.V21.Lib.csproj", "{5CF2B26A-8238-4B37-B09C-52129682BF1A}"
EndProject
Project("{9A19103F-16F7-4668-BE54-9A1E7A4F7556}") = "Tyuiu.KonovalovVA.Sprint3.Task3.V21.Test", "Tyuiu.KonovalovVA.Sprint3.Task3.V21.Test\Tyuiu.KonovalovVA.Sprint3.Task3.V21.Test.csproj", "{07989CBD-37C5-4810-AFCB-BD94B342C0D1}"
EndProject
Project("{9A19103F-16F7-4668-BE54-9A1E7A4F7556}") = "Tyuiu.KonovalovVA.Sprint3.Task4.V12", "Tyuiu.KonovalovVA.Sprint3.Task4.V12\Tyuiu.KonovalovVA.Sprint3.Task4.V12.csproj", "{665A0CEF-E530-4D75-B123-56E0A96A046E}"
EndProject
Project("{9A19103F-16F7-4668-BE54-9A1E7A4F7556}") = "Tyuiu.KonovalovVA.Sprint3.Task4.V12.Lib", "Tyuiu.KonovalovVA.Sprint3.Task4.V12.Lib\Tyuiu.KonovalovVA.Sprint3.Task4.V12.Lib.csproj", "{08D76523-675B-4F48-BE28-65840244EDA9}"
EndProject
Project("{9A19103F-16F7-4668-BE54-9A1E7A4F7556}") = "Tyuiu.KonovalovVA.Sprint3.Task4.V12.Test", "Tyuiu.KonovalovVA.Sprint3.Task4.V12.Test\Tyuiu.KonovalovVA.Sprint3.Task4.V12.Test.csproj", "{6FED76D2-523A-4F29-A1D0-C0795C4949CE}"
EndProject
Project("{9A19103F-16F7-4668-BE54-9A1E7A4F7556}") = "Tyuiu.KonovalovVA.Sprint3.Task5.V2", "Tyuiu.KonovalovVA.Sprint3.Task5.V2\Tyuiu.KonovalovVA.Sprint3.Task5.V2.csproj", "{43906633-4808-403F-B65A-DA8B91C18B97}"
EndProject
Project("{9A19103F-16F7-4668-BE54-9A1E7A4F7556}") = "Tyuiu.KonovalovVA.Sprint3.Task5.V2.Lib", "Tyuiu.KonovalovVA.Sprint3.Task5.V2.Lib\Tyuiu.KonovalovVA.Sprint3.Task5.V2.Lib.csproj", "{F0DFFF4F-D38C-4F55-8790-D4331A3E1382}"
EndProject
Project("{9A19103F-16F7-4668-BE54-9A1E7A4F7556}") = "Tyuiu.KonovalovVA.Sprint3.Task5.V2.Test", "Tyuiu.KonovalovVA.Sprint3.Task5.V2.Test\Tyuiu.KonovalovVA.Sprint3.Task5.V2.Test.csproj", "{39097228-1BE1-45B4-84FE-26A3AEBA35F3}"
EndProject
Project("{FAE04EC0-301F-11D3-BF4B-00C04F79EFBC}") = "Tyuiu.KonovalovVA.Sprint3.Task6.V16", "Tyuiu.KonovalovVA.Sprint3.Task6.V16\Tyuiu.KonovalovVA.Sprint3.Task6.V16.csproj", "{A9A3058D-E0EC-49AB-8F4F-4ED84ECBF205}"
EndProject
Project("{FAE04EC0-301F-11D3-BF4B-00C04F79EFBC}") = "Tyuiu.KonovalovVA.Sprint3.Task6.V16.Lib", "Tyuiu.KonovalovVA.Sprint3.Task6.V16.Lib\Tyuiu.KonovalovVA.Sprint3.Task6.V16.Lib.csproj", "{15509D8A-998C-42FA-A033-3E38510571D5}"
EndProject
Project("{FAE04EC0-301F-11D3-BF4B-00C04F79EFBC}") = "Tyuiu.KonovalovVA.Sprint3.Task6.V16.Test", "Tyuiu.KonovalovVA.Sprint3.Task6.V16.Test\Tyuiu.KonovalovVA.Sprint3.Task6.V16.Test.csproj", "{A03DCD4D-9298-4040-A2C6-6647185CEFFF}"
EndProject
Project("{FAE04EC0-301F-11D3-BF4B-00C04F79EFBC}") = "Tyuiu.KonovalovVA.Sprint3.Task7.V14", "Tyuiu.KonovalovVA.Sprint3.Task7.V14\Tyuiu.KonovalovVA.Sprint3.Task7.V14.csproj", "{B74A6D91-4B2F-468A-8981-BA1C32EFF0A6}"
EndProject
Project("{FAE04EC0-301F-11D3-BF4B-00C04F79EFBC}") = "Tyuiu.KonovalovVA.Sprint3.Task7.V14.Lib", "Tyuiu.KonovalovVA.Sprint3.Task7.V14.Lib\Tyuiu.KonovalovVA.Sprint3.Task7.V14.Lib.csproj", "{0EE7597D-5905-45B7-9EDD-50C1EA88180B}"
EndProject
Project("{FAE04EC0-301F-11D3-BF4B-00C04F79EFBC}") = "Tyuiu.KonovalovVA.Sprint3.Task7.V14.Test", "Tyuiu.KonovalovVA.Sprint3.Task7.V14.Test\Tyuiu.KonovalovVA.Sprint3.Task7.V14.Test.csproj", "{DC510760-8892-43DE-B141-CE6A1A038EF4}"
EndProject
Global
	GlobalSection(SolutionConfigurationPlatforms) = preSolution
		Debug|Any CPU = Debug|Any CPU
		Release|Any CPU = Release|Any CPU
	EndGlobalSection
	GlobalSection(ProjectConfigurationPlatforms) = postSolution
		{B6C6771C-417C-45D0-83CD-5510BB721318}.Debug|Any CPU.ActiveCfg = Debug|Any CPU
		{B6C6771C-417C-45D0-83CD-5510BB721318}.Debug|Any CPU.Build.0 = Debug|Any CPU
		{B6C6771C-417C-45D0-83CD-5510BB721318}.Release|Any CPU.ActiveCfg = Release|Any CPU
		{B6C6771C-417C-45D0-83CD-5510BB721318}.Release|Any CPU.Build.0 = Release|Any CPU
		{11585CE1-9B95-44BA-B120-A88EA85846E1}.Debug|Any CPU.ActiveCfg = Debug|Any CPU
		{11585CE1-9B95-44BA-B120-A88EA85846E1}.Debug|Any CPU.Build.0 = Debug|Any CPU
		{11585CE1-9B95-44BA-B120-A88EA85846E1}.Release|Any CPU.ActiveCfg = Release|Any CPU
		{11585CE1-9B95-44BA-B120-A88EA85846E1}.Release|Any CPU.Build.0 = Release|Any CPU
		{7F21D9FB-A548-4F75-8156-CF8C20BDE915}.Debug|Any CPU.ActiveCfg = Debug|Any CPU
		{7F21D9FB-A548-4F75-8156-CF8C20BDE915}.Debug|Any CPU.Build.0 = Debug|Any CPU
		{7F21D9FB-A548-4F75-8156-CF8C20BDE915}.Release|Any CPU.ActiveCfg = Release|Any CPU
		{7F21D9FB-A548-4F75-8156-CF8C20BDE915}.Release|Any CPU.Build.0 = Release|Any CPU
		{A4C0BB21-D1F0-4BAD-A85E-A1DCB4A2F124}.Debug|Any CPU.ActiveCfg = Debug|Any CPU
		{A4C0BB21-D1F0-4BAD-A85E-A1DCB4A2F124}.Debug|Any CPU.Build.0 = Debug|Any CPU
		{A4C0BB21-D1F0-4BAD-A85E-A1DCB4A2F124}.Release|Any CPU.ActiveCfg = Release|Any CPU
		{A4C0BB21-D1F0-4BAD-A85E-A1DCB4A2F124}.Release|Any CPU.Build.0 = Release|Any CPU
		{9ED272FA-B3F1-42B3-877A-0C00CA801C05}.Debug|Any CPU.ActiveCfg = Debug|Any CPU
		{9ED272FA-B3F1-42B3-877A-0C00CA801C05}.Debug|Any CPU.Build.0 = Debug|Any CPU
		{9ED272FA-B3F1-42B3-877A-0C00CA801C05}.Release|Any CPU.ActiveCfg = Release|Any CPU
		{9ED272FA-B3F1-42B3-877A-0C00CA801C05}.Release|Any CPU.Build.0 = Release|Any CPU
		{CAC40B99-008D-4EA1-B98C-704A0AEBC471}.Debug|Any CPU.ActiveCfg = Debug|Any CPU
		{CAC40B99-008D-4EA1-B98C-704A0AEBC471}.Debug|Any CPU.Build.0 = Debug|Any CPU
		{CAC40B99-008D-4EA1-B98C-704A0AEBC471}.Release|Any CPU.ActiveCfg = Release|Any CPU
		{CAC40B99-008D-4EA1-B98C-704A0AEBC471}.Release|Any CPU.Build.0 = Release|Any CPU
		{A2A9BCD6-FA68-42CD-8D19-0FF72DECB9A6}.Debug|Any CPU.ActiveCfg = Debug|Any CPU
		{A2A9BCD6-FA68-42CD-8D19-0FF72DECB9A6}.Debug|Any CPU.Build.0 = Debug|Any CPU
		{A2A9BCD6-FA68-42CD-8D19-0FF72DECB9A6}.Release|Any CPU.ActiveCfg = Release|Any CPU
		{A2A9BCD6-FA68-42CD-8D19-0FF72DECB9A6}.Release|Any CPU.Build.0 = Release|Any CPU
		{9241689B-ECAA-4822-91D4-AA82A3EF509B}.Debug|Any CPU.ActiveCfg = Debug|Any CPU
		{9241689B-ECAA-4822-91D4-AA82A3EF509B}.Debug|Any CPU.Build.0 = Debug|Any CPU
		{9241689B-ECAA-4822-91D4-AA82A3EF509B}.Release|Any CPU.ActiveCfg = Release|Any CPU
		{9241689B-ECAA-4822-91D4-AA82A3EF509B}.Release|Any CPU.Build.0 = Release|Any CPU
		{0EF43472-2B46-4AD5-B837-AD8DB71A8A6A}.Debug|Any CPU.ActiveCfg = Debug|Any CPU
		{0EF43472-2B46-4AD5-B837-AD8DB71A8A6A}.Debug|Any CPU.Build.0 = Debug|Any CPU
		{0EF43472-2B46-4AD5-B837-AD8DB71A8A6A}.Release|Any CPU.ActiveCfg = Release|Any CPU
		{0EF43472-2B46-4AD5-B837-AD8DB71A8A6A}.Release|Any CPU.Build.0 = Release|Any CPU
		{1FAE6229-FFEA-403D-BB1F-98824A316BFD}.Debug|Any CPU.ActiveCfg = Debug|Any CPU
		{1FAE6229-FFEA-403D-BB1F-98824A316BFD}.Debug|Any CPU.Build.0 = Debug|Any CPU
		{1FAE6229-FFEA-403D-BB1F-98824A316BFD}.Release|Any CPU.ActiveCfg = Release|Any CPU
		{1FAE6229-FFEA-403D-BB1F-98824A316BFD}.Release|Any CPU.Build.0 = Release|Any CPU
		{5CF2B26A-8238-4B37-B09C-52129682BF1A}.Debug|Any CPU.ActiveCfg = Debug|Any CPU
		{5CF2B26A-8238-4B37-B09C-52129682BF1A}.Debug|Any CPU.Build.0 = Debug|Any CPU
		{5CF2B26A-8238-4B37-B09C-52129682BF1A}.Release|Any CPU.ActiveCfg = Release|Any CPU
		{5CF2B26A-8238-4B37-B09C-52129682BF1A}.Release|Any CPU.Build.0 = Release|Any CPU
		{07989CBD-37C5-4810-AFCB-BD94B342C0D1}.Debug|Any CPU.ActiveCfg = Debug|Any CPU
		{07989CBD-37C5-4810-AFCB-BD94B342C0D1}.Debug|Any CPU.Build.0 = Debug|Any CPU
		{07989CBD-37C5-4810-AFCB-BD94B342C0D1}.Release|Any CPU.ActiveCfg = Release|Any CPU
		{07989CBD-37C5-4810-AFCB-BD94B342C0D1}.Release|Any CPU.Build.0 = Release|Any CPU
		{665A0CEF-E530-4D75-B123-56E0A96A046E}.Debug|Any CPU.ActiveCfg = Debug|Any CPU
		{665A0CEF-E530-4D75-B123-56E0A96A046E}.Debug|Any CPU.Build.0 = Debug|Any CPU
		{665A0CEF-E530-4D75-B123-56E0A96A046E}.Release|Any CPU.ActiveCfg = Release|Any CPU
		{665A0CEF-E530-4D75-B123-56E0A96A046E}.Release|Any CPU.Build.0 = Release|Any CPU
		{08D76523-675B-4F48-BE28-65840244EDA9}.Debug|Any CPU.ActiveCfg = Debug|Any CPU
		{08D76523-675B-4F48-BE28-65840244EDA9}.Debug|Any CPU.Build.0 = Debug|Any CPU
		{08D76523-675B-4F48-BE28-65840244EDA9}.Release|Any CPU.ActiveCfg = Release|Any CPU
		{08D76523-675B-4F48-BE28-65840244EDA9}.Release|Any CPU.Build.0 = Release|Any CPU
		{6FED76D2-523A-4F29-A1D0-C0795C4949CE}.Debug|Any CPU.ActiveCfg = Debug|Any CPU
		{6FED76D2-523A-4F29-A1D0-C0795C4949CE}.Debug|Any CPU.Build.0 = Debug|Any CPU
		{6FED76D2-523A-4F29-A1D0-C0795C4949CE}.Release|Any CPU.ActiveCfg = Release|Any CPU
		{6FED76D2-523A-4F29-A1D0-C0795C4949CE}.Release|Any CPU.Build.0 = Release|Any CPU
		{43906633-4808-403F-B65A-DA8B91C18B97}.Debug|Any CPU.ActiveCfg = Debug|Any CPU
		{43906633-4808-403F-B65A-DA8B91C18B97}.Debug|Any CPU.Build.0 = Debug|Any CPU
		{43906633-4808-403F-B65A-DA8B91C18B97}.Release|Any CPU.ActiveCfg = Release|Any CPU
		{43906633-4808-403F-B65A-DA8B91C18B97}.Release|Any CPU.Build.0 = Release|Any CPU
		{F0DFFF4F-D38C-4F55-8790-D4331A3E1382}.Debug|Any CPU.ActiveCfg = Debug|Any CPU
		{F0DFFF4F-D38C-4F55-8790-D4331A3E1382}.Debug|Any CPU.Build.0 = Debug|Any CPU
		{F0DFFF4F-D38C-4F55-8790-D4331A3E1382}.Release|Any CPU.ActiveCfg = Release|Any CPU
		{F0DFFF4F-D38C-4F55-8790-D4331A3E1382}.Release|Any CPU.Build.0 = Release|Any CPU
		{39097228-1BE1-45B4-84FE-26A3AEBA35F3}.Debug|Any CPU.ActiveCfg = Debug|Any CPU
		{39097228-1BE1-45B4-84FE-26A3AEBA35F3}.Debug|Any CPU.Build.0 = Debug|Any CPU
		{39097228-1BE1-45B4-84FE-26A3AEBA35F3}.Release|Any CPU.ActiveCfg = Release|Any CPU
		{39097228-1BE1-45B4-84FE-26A3AEBA35F3}.Release|Any CPU.Build.0 = Release|Any CPU
		{A9A3058D-E0EC-49AB-8F4F-4ED84ECBF205}.Debug|Any CPU.ActiveCfg = Debug|Any CPU
		{A9A3058D-E0EC-49AB-8F4F-4ED84ECBF205}.Debug|Any CPU.Build.0 = Debug|Any CPU
		{A9A3058D-E0EC-49AB-8F4F-4ED84ECBF205}.Release|Any CPU.ActiveCfg = Release|Any CPU
		{A9A3058D-E0EC-49AB-8F4F-4ED84ECBF205}.Release|Any CPU.Build.0 = Release|Any CPU
		{15509D8A-998C-42FA-A033-3E38510571D5}.Debug|Any CPU.ActiveCfg = Debug|Any CPU
		{15509D8A-998C-42FA-A033-3E38510571D5}.Debug|Any CPU.Build.0 = Debug|Any CPU
		{15509D8A-998C-42FA-A033-3E38510571D5}.Release|Any CPU.ActiveCfg = Release|Any CPU
		{15509D8A-998C-42FA-A033-3E38510571D5}.Release|Any CPU.Build.0 = Release|Any CPU
		{A03DCD4D-9298-4040-A2C6-6647185CEFFF}.Debug|Any CPU.ActiveCfg = Debug|Any CPU
		{A03DCD4D-9298-4040-A2C6-6647185CEFFF}.Debug|Any CPU.Build.0 = Debug|Any CPU
		{A03DCD4D-9298-4040-A2C6-6647185CEFFF}.Release|Any CPU.ActiveCfg = Release|Any CPU
		{A03DCD4D-9298-4040-A2C6-6647185CEFFF}.Release|Any CPU.Build.0 = Release|Any CPU
		{B74A6D91-4B2F-468A-8981-BA1C32EFF0A6}.Debug|Any CPU.ActiveCfg = Debug|Any CPU
		{B74A6D91-4B2F-468A-8981-BA1C32EFF0A6}.Debug|Any CPU.Build.0 = Debug|Any CPU
		{B74A6D91-4B2F-468A-8981-BA1C32EFF0A6}.Release|Any CPU.ActiveCfg = Release|Any CPU
		{B74A6D91-4B2F-468A-8981-BA1C32EFF0A6}.Release|Any CPU.Build.0 = Release|Any CPU
		{0EE7597D-5905-45B7-9EDD-50C1EA88180B}.Debug|Any CPU.ActiveCfg = Debug|Any CPU
		{0EE7597D-5905-45B7-9EDD-50C1EA88180B}.Debug|Any CPU.Build.0 = Debug|Any CPU
		{0EE7597D-5905-45B7-9EDD-50C1EA88180B}.Release|Any CPU.ActiveCfg = Release|Any CPU
		{0EE7597D-5905-45B7-9EDD-50C1EA88180B}.Release|Any CPU.Build.0 = Release|Any CPU
		{DC510760-8892-43DE-B141-CE6A1A038EF4}.Debug|Any CPU.ActiveCfg = Debug|Any CPU
		{DC510760-8892-43DE-B141-CE6A1A038EF4}.Debug|Any CPU.Build.0 = Debug|Any CPU
		{DC510760-8892-43DE-B141-CE6A1A038EF4}.Release|Any CPU.ActiveCfg = Release|Any CPU
		{DC510760-8892-43DE-B141-CE6A1A038EF4}.Release|Any CPU.Build.0 = Release|Any CPU
	EndGlobalSection
	GlobalSection(SolutionProperties) = preSolution
		HideSolutionNode = FALSE
	EndGlobalSection
	GlobalSection(NestedProjects) = preSolution
		{B6C6771C-417C-45D0-83CD-5510BB721318} = {88D53228-902B-47F3-B5FE-6694CDB164CE}
		{11585CE1-9B95-44BA-B120-A88EA85846E1} = {88D53228-902B-47F3-B5FE-6694CDB164CE}
		{7F21D9FB-A548-4F75-8156-CF8C20BDE915} = {88D53228-902B-47F3-B5FE-6694CDB164CE}
		{A4C0BB21-D1F0-4BAD-A85E-A1DCB4A2F124} = {4AE9E23B-724D-4CF4-B166-C84421D0E976}
		{9ED272FA-B3F1-42B3-877A-0C00CA801C05} = {4AE9E23B-724D-4CF4-B166-C84421D0E976}
		{CAC40B99-008D-4EA1-B98C-704A0AEBC471} = {4AE9E23B-724D-4CF4-B166-C84421D0E976}
		{A2A9BCD6-FA68-42CD-8D19-0FF72DECB9A6} = {16944251-5121-4156-814E-E4DB5048B468}
		{9241689B-ECAA-4822-91D4-AA82A3EF509B} = {16944251-5121-4156-814E-E4DB5048B468}
		{0EF43472-2B46-4AD5-B837-AD8DB71A8A6A} = {16944251-5121-4156-814E-E4DB5048B468}
		{1FAE6229-FFEA-403D-BB1F-98824A316BFD} = {DC6270A6-5018-44E5-B912-7E5D94849CE8}
		{5CF2B26A-8238-4B37-B09C-52129682BF1A} = {DC6270A6-5018-44E5-B912-7E5D94849CE8}
		{07989CBD-37C5-4810-AFCB-BD94B342C0D1} = {DC6270A6-5018-44E5-B912-7E5D94849CE8}
		{665A0CEF-E530-4D75-B123-56E0A96A046E} = {120DA2FD-67AF-492A-96A6-CAC8F1363920}
		{08D76523-675B-4F48-BE28-65840244EDA9} = {120DA2FD-67AF-492A-96A6-CAC8F1363920}
		{6FED76D2-523A-4F29-A1D0-C0795C4949CE} = {120DA2FD-67AF-492A-96A6-CAC8F1363920}
		{43906633-4808-403F-B65A-DA8B91C18B97} = {6B328FCA-61FA-4C9B-A025-36DEEFF3CF2F}
		{F0DFFF4F-D38C-4F55-8790-D4331A3E1382} = {6B328FCA-61FA-4C9B-A025-36DEEFF3CF2F}
		{39097228-1BE1-45B4-84FE-26A3AEBA35F3} = {6B328FCA-61FA-4C9B-A025-36DEEFF3CF2F}
		{A9A3058D-E0EC-49AB-8F4F-4ED84ECBF205} = {5FED25A2-40E1-4053-B142-BC618D977BA4}
		{15509D8A-998C-42FA-A033-3E38510571D5} = {5FED25A2-40E1-4053-B142-BC618D977BA4}
		{A03DCD4D-9298-4040-A2C6-6647185CEFFF} = {5FED25A2-40E1-4053-B142-BC618D977BA4}
		{B74A6D91-4B2F-468A-8981-BA1C32EFF0A6} = {869CE39A-1916-47D8-8439-5C0807579900}
		{0EE7597D-5905-45B7-9EDD-50C1EA88180B} = {869CE39A-1916-47D8-8439-5C0807579900}
		{DC510760-8892-43DE-B141-CE6A1A038EF4} = {869CE39A-1916-47D8-8439-5C0807579900}
	EndGlobalSection
	GlobalSection(ExtensibilityGlobals) = postSolution
		SolutionGuid = {DC798367-7F63-4007-B8C9-A8438EBCAAD0}
	EndGlobalSection
EndGlobal
